
Microsoft Visual Studio Solution File, Format Version 12.00
# Visual Studio Version 17
VisualStudioVersion = 17.11.35327.3
MinimumVisualStudioVersion = 10.0.40219.1
Project("{FAE04EC0-301F-11D3-BF4B-00C04F79EFBC}") = "BankSystem", "BankSystem\BankSystem.csproj", "{C7F04493-5F85-4B39-9C94-72B0337E18D6}"
EndProject
Global
	GlobalSection(SolutionConfigurationPlatforms) = preSolution
		Debug|Any CPU = Debug|Any CPU
		Release|Any CPU = Release|Any CPU
	EndGlobalSection
	GlobalSection(ProjectConfigurationPlatforms) = postSolution
		{C7F04493-5F85-4B39-9C94-72B0337E18D6}.Debug|Any CPU.ActiveCfg = Debug|Any CPU
		{C7F04493-5F85-4B39-9C94-72B0337E18D6}.Debug|Any CPU.Build.0 = Debug|Any CPU
		{C7F04493-5F85-4B39-9C94-72B0337E18D6}.Release|Any CPU.ActiveCfg = Release|Any CPU
		{C7F04493-5F85-4B39-9C94-72B0337E18D6}.Release|Any CPU.Build.0 = Release|Any CPU
	EndGlobalSection
	GlobalSection(SolutionProperties) = preSolution
		HideSolutionNode = FALSE
	EndGlobalSection
	GlobalSection(ExtensibilityGlobals) = postSolution
		SolutionGuid = {44F669CA-B186-4CAA-91F2-B43833D967DB}
	EndGlobalSection
EndGlobal
